{
  "requires": true,
  "lockfileVersion": 1,
  "dependencies": {
    "lodash": {
      "version": "4.17.21",
      "resolved": "https://registry.npmjs.org/lodash/-/lodash-4.17.21.tgz",
      "integrity": "sha512-v2kDEe57lecTulaDIuNTPy3Ry4gLGJ6Z1O3vE1krgXZNrsQ+LFTGHVxVjcXPs17LhbZVGedAJv8XZ1tvj5FvSg=="
    },
    "pathseg": {
      "version": "1.2.0",
      "resolved": "https://registry.npmjs.org/pathseg/-/pathseg-1.2.0.tgz",
      "integrity": "sha512-+pQS7lTaoVIXhaCW7R3Wd/165APzZHWzYVqe7dxzdupxQwebgpBaCmf0/XZwmoA/rkDq3qvzO0qv4d5oFVrBRw=="
    },
    "tsparticles": {
      "version": "1.29.0",
      "resolved": "https://registry.npmjs.org/tsparticles/-/tsparticles-1.29.0.tgz",
      "integrity": "sha512-LhW6KTZfUoJ6yzi0T/cCE4arhMwrdikYVn3xx7T5NE/60DzMFCQFUc41oMO419syAFTbPJRnsfiYdkXK/gayUQ==",
      "requires": {
        "pathseg": "^1.2.0"
      }
    }
  }
}
